// !$*UTF8*$!
{
	archiveVersion = 1;
	classes = {
	};
	objectVersion = 50;
	objects = {

/* Begin PBXBuildFile section */
		0542CB3624BB0C03006A5139 /* AppDelegate.swift in Sources */ = {isa = PBXBuildFile; fileRef = 0542CB3524BB0C03006A5139 /* AppDelegate.swift */; };
		0542CB3824BB0C03006A5139 /* SceneDelegate.swift in Sources */ = {isa = PBXBuildFile; fileRef = 0542CB3724BB0C03006A5139 /* SceneDelegate.swift */; };
		0542CB3C24BB0C04006A5139 /* Assets.xcassets in Resources */ = {isa = PBXBuildFile; fileRef = 0542CB3B24BB0C04006A5139 /* Assets.xcassets */; };
		0542CB3F24BB0C04006A5139 /* Preview Assets.xcassets in Resources */ = {isa = PBXBuildFile; fileRef = 0542CB3E24BB0C04006A5139 /* Preview Assets.xcassets */; };
		0542CB4224BB0C04006A5139 /* LaunchScreen.storyboard in Resources */ = {isa = PBXBuildFile; fileRef = 0542CB4024BB0C04006A5139 /* LaunchScreen.storyboard */; };
		0542CB4D24BB0C04006A5139 /* LeftRightTests.swift in Sources */ = {isa = PBXBuildFile; fileRef = 0542CB4C24BB0C04006A5139 /* LeftRightTests.swift */; };
		0542CB5824BB0C04006A5139 /* LeftRightUITests.swift in Sources */ = {isa = PBXBuildFile; fileRef = 0542CB5724BB0C04006A5139 /* LeftRightUITests.swift */; };
		0542CB6624BB0E36006A5139 /* LaunchScreen.swift in Sources */ = {isa = PBXBuildFile; fileRef = 0542CB6524BB0E36006A5139 /* LaunchScreen.swift */; };
		0542CB6824BB0FAE006A5139 /* SecondView.swift in Sources */ = {isa = PBXBuildFile; fileRef = 0542CB6724BB0FAE006A5139 /* SecondView.swift */; };
/* End PBXBuildFile section */

/* Begin PBXContainerItemProxy section */
		0542CB4924BB0C04006A5139 /* PBXContainerItemProxy */ = {
			isa = PBXContainerItemProxy;
			containerPortal = 0542CB2A24BB0C02006A5139 /* Project object */;
			proxyType = 1;
			remoteGlobalIDString = 0542CB3124BB0C03006A5139;
			remoteInfo = LeftRight;
		};
		0542CB5424BB0C04006A5139 /* PBXContainerItemProxy */ = {
			isa = PBXContainerItemProxy;
			containerPortal = 0542CB2A24BB0C02006A5139 /* Project object */;
			proxyType = 1;
			remoteGlobalIDString = 0542CB3124BB0C03006A5139;
			remoteInfo = LeftRight;
		};
/* End PBXContainerItemProxy section */

/* Begin PBXFileReference section */
		0542CB3224BB0C03006A5139 /* LeftRight.app */ = {isa = PBXFileReference; explicitFileType = wrapper.application; includeInIndex = 0; path = LeftRight.app; sourceTree = BUILT_PRODUCTS_DIR; };
		0542CB3524BB0C03006A5139 /* AppDelegate.swift */ = {isa = PBXFileReference; lastKnownFileType = sourcecode.swift; path = AppDelegate.swift; sourceTree = "<group>"; };
		0542CB3724BB0C03006A5139 /* SceneDelegate.swift */ = {isa = PBXFileReference; lastKnownFileType = sourcecode.swift; path = SceneDelegate.swift; sourceTree = "<group>"; };
		0542CB3B24BB0C04006A5139 /* Assets.xcassets */ = {isa = PBXFileReference; lastKnownFileType = folder.assetcatalog; path = Assets.xcassets; sourceTree = "<group>"; };
		0542CB3E24BB0C04006A5139 /* Preview Assets.xcassets */ = {isa = PBXFileReference; lastKnownFileType = folder.assetcatalog; path = "Preview Assets.xcassets"; sourceTree = "<group>"; };
		0542CB4124BB0C04006A5139 /* Base */ = {isa = PBXFileReference; lastKnownFileType = file.storyboard; name = Base; path = Base.lproj/LaunchScreen.storyboard; sourceTree = "<group>"; };
		0542CB4324BB0C04006A5139 /* Info.plist */ = {isa = PBXFileReference; lastKnownFileType = text.plist.xml; path = Info.plist; sourceTree = "<group>"; };
		0542CB4824BB0C04006A5139 /* LeftRightTests.xctest */ = {isa = PBXFileReference; explicitFileType = wrapper.cfbundle; includeInIndex = 0; path = LeftRightTests.xctest; sourceTree = BUILT_PRODUCTS_DIR; };
		0542CB4C24BB0C04006A5139 /* LeftRightTests.swift */ = {isa = PBXFileReference; lastKnownFileType = sourcecode.swift; path = LeftRightTests.swift; sourceTree = "<group>"; };
		0542CB4E24BB0C04006A5139 /* Info.plist */ = {isa = PBXFileReference; lastKnownFileType = text.plist.xml; path = Info.plist; sourceTree = "<group>"; };
		0542CB5324BB0C04006A5139 /* LeftRightUITests.xctest */ = {isa = PBXFileReference; explicitFileType = wrapper.cfbundle; includeInIndex = 0; path = LeftRightUITests.xctest; sourceTree = BUILT_PRODUCTS_DIR; };
		0542CB5724BB0C04006A5139 /* LeftRightUITests.swift */ = {isa = PBXFileReference; lastKnownFileType = sourcecode.swift; path = LeftRightUITests.swift; sourceTree = "<group>"; };
		0542CB5924BB0C04006A5139 /* Info.plist */ = {isa = PBXFileReference; lastKnownFileType = text.plist.xml; path = Info.plist; sourceTree = "<group>"; };
		0542CB6524BB0E36006A5139 /* LaunchScreen.swift */ = {isa = PBXFileReference; lastKnownFileType = sourcecode.swift; path = LaunchScreen.swift; sourceTree = "<group>"; };
		0542CB6724BB0FAE006A5139 /* SecondView.swift */ = {isa = PBXFileReference; lastKnownFileType = sourcecode.swift; path = SecondView.swift; sourceTree = "<group>"; };
/* End PBXFileReference section */

/* Begin PBXFrameworksBuildPhase section */
		0542CB2F24BB0C03006A5139 /* Frameworks */ = {
			isa = PBXFrameworksBuildPhase;
			buildActionMask = 2147483647;
			files = (
			);
			runOnlyForDeploymentPostprocessing = 0;
		};
		0542CB4524BB0C04006A5139 /* Frameworks */ = {
			isa = PBXFrameworksBuildPhase;
			buildActionMask = 2147483647;
			files = (
			);
			runOnlyForDeploymentPostprocessing = 0;
		};
		0542CB5024BB0C04006A5139 /* Frameworks */ = {
			isa = PBXFrameworksBuildPhase;
			buildActionMask = 2147483647;
			files = (
			);
			runOnlyForDeploymentPostprocessing = 0;
		};
/* End PBXFrameworksBuildPhase section */

/* Begin PBXGroup section */
		0542CB2924BB0C02006A5139 = {
			isa = PBXGroup;
			children = (
				0542CB3424BB0C03006A5139 /* LeftRight */,
				0542CB4B24BB0C04006A5139 /* LeftRightTests */,
				0542CB5624BB0C04006A5139 /* LeftRightUITests */,
				0542CB3324BB0C03006A5139 /* Products */,
			);
			sourceTree = "<group>";
		};
		0542CB3324BB0C03006A5139 /* Products */ = {
			isa = PBXGroup;
			children = (
				0542CB3224BB0C03006A5139 /* LeftRight.app */,
				0542CB4824BB0C04006A5139 /* LeftRightTests.xctest */,
				0542CB5324BB0C04006A5139 /* LeftRightUITests.xctest */,
			);
			name = Products;
			sourceTree = "<group>";
		};
		0542CB3424BB0C03006A5139 /* LeftRight */ = {
			isa = PBXGroup;
			children = (
				0542CB3524BB0C03006A5139 /* AppDelegate.swift */,
				0542CB3724BB0C03006A5139 /* SceneDelegate.swift */,
				0542CB3B24BB0C04006A5139 /* Assets.xcassets */,
				0542CB6524BB0E36006A5139 /* LaunchScreen.swift */,
				0542CB6724BB0FAE006A5139 /* SecondView.swift */,
				0542CB4024BB0C04006A5139 /* LaunchScreen.storyboard */,
				0542CB4324BB0C04006A5139 /* Info.plist */,
				0542CB3D24BB0C04006A5139 /* Preview Content */,
			);
			path = LeftRight;
			sourceTree = "<group>";
		};
		0542CB3D24BB0C04006A5139 /* Preview Content */ = {
			isa = PBXGroup;
			children = (
				0542CB3E24BB0C04006A5139 /* Preview Assets.xcassets */,
			);
			path = "Preview Content";
			sourceTree = "<group>";
		};
		0542CB4B24BB0C04006A5139 /* LeftRightTests */ = {
			isa = PBXGroup;
			children = (
				0542CB4C24BB0C04006A5139 /* LeftRightTests.swift */,
				0542CB4E24BB0C04006A5139 /* Info.plist */,
			);
			path = LeftRightTests;
			sourceTree = "<group>";
		};
		0542CB5624BB0C04006A5139 /* LeftRightUITests */ = {
			isa = PBXGroup;
			children = (
				0542CB5724BB0C04006A5139 /* LeftRightUITests.swift */,
				0542CB5924BB0C04006A5139 /* Info.plist */,
			);
			path = LeftRightUITests;
			sourceTree = "<group>";
		};
/* End PBXGroup section */

/* Begin PBXNativeTarget section */
		0542CB3124BB0C03006A5139 /* LeftRight */ = {
			isa = PBXNativeTarget;
			buildConfigurationList = 0542CB5C24BB0C04006A5139 /* Build configuration list for PBXNativeTarget "LeftRight" */;
			buildPhases = (
				0542CB2E24BB0C03006A5139 /* Sources */,
				0542CB2F24BB0C03006A5139 /* Frameworks */,
				0542CB3024BB0C03006A5139 /* Resources */,
			);
			buildRules = (
			);
			dependencies = (
			);
			name = LeftRight;
			productName = LeftRight;
			productReference = 0542CB3224BB0C03006A5139 /* LeftRight.app */;
			productType = "com.apple.product-type.application";
		};
		0542CB4724BB0C04006A5139 /* LeftRightTests */ = {
			isa = PBXNativeTarget;
			buildConfigurationList = 0542CB5F24BB0C04006A5139 /* Build configuration list for PBXNativeTarget "LeftRightTests" */;
			buildPhases = (
				0542CB4424BB0C04006A5139 /* Sources */,
				0542CB4524BB0C04006A5139 /* Frameworks */,
				0542CB4624BB0C04006A5139 /* Resources */,
			);
			buildRules = (
			);
			dependencies = (
				0542CB4A24BB0C04006A5139 /* PBXTargetDependency */,
			);
			name = LeftRightTests;
			productName = LeftRightTests;
			productReference = 0542CB4824BB0C04006A5139 /* LeftRightTests.xctest */;
			productType = "com.apple.product-type.bundle.unit-test";
		};
		0542CB5224BB0C04006A5139 /* LeftRightUITests */ = {
			isa = PBXNativeTarget;
			buildConfigurationList = 0542CB6224BB0C04006A5139 /* Build configuration list for PBXNativeTarget "LeftRightUITests" */;
			buildPhases = (
				0542CB4F24BB0C04006A5139 /* Sources */,
				0542CB5024BB0C04006A5139 /* Frameworks */,
				0542CB5124BB0C04006A5139 /* Resources */,
			);
			buildRules = (
			);
			dependencies = (
				0542CB5524BB0C04006A5139 /* PBXTargetDependency */,
			);
			name = LeftRightUITests;
			productName = LeftRightUITests;
			productReference = 0542CB5324BB0C04006A5139 /* LeftRightUITests.xctest */;
			productType = "com.apple.product-type.bundle.ui-testing";
		};
/* End PBXNativeTarget section */

/* Begin PBXProject section */
		0542CB2A24BB0C02006A5139 /* Project object */ = {
			isa = PBXProject;
			attributes = {
				LastSwiftUpdateCheck = 1130;
				LastUpgradeCheck = 1130;
				ORGANIZATIONNAME = "Kashmiri, Atta";
				TargetAttributes = {
					0542CB3124BB0C03006A5139 = {
						CreatedOnToolsVersion = 11.3.1;
					};
					0542CB4724BB0C04006A5139 = {
						CreatedOnToolsVersion = 11.3.1;
						TestTargetID = 0542CB3124BB0C03006A5139;
					};
					0542CB5224BB0C04006A5139 = {
						CreatedOnToolsVersion = 11.3.1;
						TestTargetID = 0542CB3124BB0C03006A5139;
					};
				};
			};
			buildConfigurationList = 0542CB2D24BB0C02006A5139 /* Build configuration list for PBXProject "LeftRight" */;
			compatibilityVersion = "Xcode 9.3";
			developmentRegion = en;
			hasScannedForEncodings = 0;
			knownRegions = (
				en,
				Base,
			);
			mainGroup = 0542CB2924BB0C02006A5139;
			productRefGroup = 0542CB3324BB0C03006A5139 /* Products */;
			projectDirPath = "";
			projectRoot = "";
			targets = (
				0542CB3124BB0C03006A5139 /* LeftRight */,
				0542CB4724BB0C04006A5139 /* LeftRightTests */,
				0542CB5224BB0C04006A5139 /* LeftRightUITests */,
			);
		};
/* End PBXProject section */

/* Begin PBXResourcesBuildPhase section */
		0542CB3024BB0C03006A5139 /* Resources */ = {
			isa = PBXResourcesBuildPhase;
			buildActionMask = 2147483647;
			files = (
				0542CB4224BB0C04006A5139 /* LaunchScreen.storyboard in Resources */,
				0542CB3F24BB0C04006A5139 /* Preview Assets.xcassets in Resources */,
				0542CB3C24BB0C04006A5139 /* Assets.xcassets in Resources */,
			);
			runOnlyForDeploymentPostprocessing = 0;
		};
		0542CB4624BB0C04006A5139 /* Resources */ = {
			isa = PBXResourcesBuildPhase;
			buildActionMask = 2147483647;
			files = (
			);
			runOnlyForDeploymentPostprocessing = 0;
		};
		0542CB5124BB0C04006A5139 /* Resources */ = {
			isa = PBXResourcesBuildPhase;
			buildActionMask = 2147483647;
			files = (
			);
			runOnlyForDeploymentPostprocessing = 0;
		};
/* End PBXResourcesBuildPhase section */

/* Begin PBXSourcesBuildPhase section */
		0542CB2E24BB0C03006A5139 /* Sources */ = {
			isa = PBXSourcesBuildPhase;
			buildActionMask = 2147483647;
			files = (
				0542CB6624BB0E36006A5139 /* LaunchScreen.swift in Sources */,
				0542CB3624BB0C03006A5139 /* AppDelegate.swift in Sources */,
				0542CB6824BB0FAE006A5139 /* SecondView.swift in Sources */,
				0542CB3824BB0C03006A5139 /* SceneDelegate.swift in Sources */,
			);
			runOnlyForDeploymentPostprocessing = 0;
		};
		0542CB4424BB0C04006A5139 /* Sources */ = {
			isa = PBXSourcesBuildPhase;
			buildActionMask = 2147483647;
			files = (
				0542CB4D24BB0C04006A5139 /* LeftRightTests.swift in Sources */,
			);
			runOnlyForDeploymentPostprocessing = 0;
		};
		0542CB4F24BB0C04006A5139 /* Sources */ = {
			isa = PBXSourcesBuildPhase;
			buildActionMask = 2147483647;
			files = (
				0542CB5824BB0C04006A5139 /* LeftRightUITests.swift in Sources */,
			);
			runOnlyForDeploymentPostprocessing = 0;
		};
/* End PBXSourcesBuildPhase section */

/* Begin PBXTargetDependency section */
		0542CB4A24BB0C04006A5139 /* PBXTargetDependency */ = {
			isa = PBXTargetDependency;
			target = 0542CB3124BB0C03006A5139 /* LeftRight */;
			targetProxy = 0542CB4924BB0C04006A5139 /* PBXContainerItemProxy */;
		};
		0542CB5524BB0C04006A5139 /* PBXTargetDependency */ = {
			isa = PBXTargetDependency;
			target = 0542CB3124BB0C03006A5139 /* LeftRight */;
			targetProxy = 0542CB5424BB0C04006A5139 /* PBXContainerItemProxy */;
		};
/* End PBXTargetDependency section */

/* Begin PBXVariantGroup section */
		0542CB4024BB0C04006A5139 /* LaunchScreen.storyboard */ = {
			isa = PBXVariantGroup;
			children = (
				0542CB4124BB0C04006A5139 /* Base */,
			);
			name = LaunchScreen.storyboard;
			sourceTree = "<group>";
		};
/* End PBXVariantGroup section */

/* Begin XCBuildConfiguration section */
		0542CB5A24BB0C04006A5139 /* Debug */ = {
			isa = XCBuildConfiguration;
			buildSettings = {
				ALWAYS_SEARCH_USER_PATHS = NO;
				CLANG_ANALYZER_NONNULL = YES;
				CLANG_ANALYZER_NUMBER_OBJECT_CONVERSION = YES_AGGRESSIVE;
				CLANG_CXX_LANGUAGE_STANDARD = "gnu++14";
				CLANG_CXX_LIBRARY = "libc++";
				CLANG_ENABLE_MODULES = YES;
				CLANG_ENABLE_OBJC_ARC = YES;
				CLANG_ENABLE_OBJC_WEAK = YES;
				CLANG_WARN_BLOCK_CAPTURE_AUTORELEASING = YES;
				CLANG_WARN_BOOL_CONVERSION = YES;
				CLANG_WARN_COMMA = YES;
				CLANG_WARN_CONSTANT_CONVERSION = YES;
				CLANG_WARN_DEPRECATED_OBJC_IMPLEMENTATIONS = YES;
				CLANG_WARN_DIRECT_OBJC_ISA_USAGE = YES_ERROR;
				CLANG_WARN_DOCUMENTATION_COMMENTS = YES;
				CLANG_WARN_EMPTY_BODY = YES;
				CLANG_WARN_ENUM_CONVERSION = YES;
				CLANG_WARN_INFINITE_RECURSION = YES;
				CLANG_WARN_INT_CONVERSION = YES;
				CLANG_WARN_NON_LITERAL_NULL_CONVERSION = YES;
				CLANG_WARN_OBJC_IMPLICIT_RETAIN_SELF = YES;
				CLANG_WARN_OBJC_LITERAL_CONVERSION = YES;
				CLANG_WARN_OBJC_ROOT_CLASS = YES_ERROR;
				CLANG_WARN_RANGE_LOOP_ANALYSIS = YES;
				CLANG_WARN_STRICT_PROTOTYPES = YES;
				CLANG_WARN_SUSPICIOUS_MOVE = YES;
				CLANG_WARN_UNGUARDED_AVAILABILITY = YES_AGGRESSIVE;
				CLANG_WARN_UNREACHABLE_CODE = YES;
				CLANG_WARN__DUPLICATE_METHOD_MATCH = YES;
				COPY_PHASE_STRIP = NO;
				DEBUG_INFORMATION_FORMAT = dwarf;
				ENABLE_STRICT_OBJC_MSGSEND = YES;
				ENABLE_TESTABILITY = YES;
				GCC_C_LANGUAGE_STANDARD = gnu11;
				GCC_DYNAMIC_NO_PIC = NO;
				GCC_NO_COMMON_BLOCKS = YES;
				GCC_OPTIMIZATION_LEVEL = 0;
				GCC_PREPROCESSOR_DEFINITIONS = (
					"DEBUG=1",
					"$(inherited)",
				);
				GCC_WARN_64_TO_32_BIT_CONVERSION = YES;
				GCC_WARN_ABOUT_RETURN_TYPE = YES_ERROR;
				GCC_WARN_UNDECLARED_SELECTOR = YES;
				GCC_WARN_UNINITIALIZED_AUTOS = YES_AGGRESSIVE;
				GCC_WARN_UNUSED_FUNCTION = YES;
				GCC_WARN_UNUSED_VARIABLE = YES;
				IPHONEOS_DEPLOYMENT_TARGET = 13.2;
				MTL_ENABLE_DEBUG_INFO = INCLUDE_SOURCE;
				MTL_FAST_MATH = YES;
				ONLY_ACTIVE_ARCH = YES;
				SDKROOT = iphoneos;
				SWIFT_ACTIVE_COMPILATION_CONDITIONS = DEBUG;
				SWIFT_OPTIMIZATION_LEVEL = "-Onone";
			};
			name = Debug;
		};
		0542CB5B24BB0C04006A5139 /* Release */ = {
			isa = XCBuildConfiguration;
			buildSettings = {
				ALWAYS_SEARCH_USER_PATHS = NO;
				CLANG_ANALYZER_NONNULL = YES;
				CLANG_ANALYZER_NUMBER_OBJECT_CONVERSION = YES_AGGRESSIVE;
				CLANG_CXX_LANGUAGE_STANDARD = "gnu++14";
				CLANG_CXX_LIBRARY = "libc++";
				CLANG_ENABLE_MODULES = YES;
				CLANG_ENABLE_OBJC_ARC = YES;
				CLANG_ENABLE_OBJC_WEAK = YES;
				CLANG_WARN_BLOCK_CAPTURE_AUTORELEASING = YES;
				CLANG_WARN_BOOL_CONVERSION = YES;
				CLANG_WARN_COMMA = YES;
				CLANG_WARN_CONSTANT_CONVERSION = YES;
				CLANG_WARN_DEPRECATED_OBJC_IMPLEMENTATIONS = YES;
				CLANG_WARN_DIRECT_OBJC_ISA_USAGE = YES_ERROR;
				CLANG_WARN_DOCUMENTATION_COMMENTS = YES;
				CLANG_WARN_EMPTY_BODY = YES;
				CLANG_WARN_ENUM_CONVERSION = YES;
				CLANG_WARN_INFINITE_RECURSION = YES;
				CLANG_WARN_INT_CONVERSION = YES;
				CLANG_WARN_NON_LITERAL_NULL_CONVERSION = YES;
				CLANG_WARN_OBJC_IMPLICIT_RETAIN_SELF = YES;
				CLANG_WARN_OBJC_LITERAL_CONVERSION = YES;
				CLANG_WARN_OBJC_ROOT_CLASS = YES_ERROR;
				CLANG_WARN_RANGE_LOOP_ANALYSIS = YES;
				CLANG_WARN_STRICT_PROTOTYPES = YES;
				CLANG_WARN_SUSPICIOUS_MOVE = YES;
				CLANG_WARN_UNGUARDED_AVAILABILITY = YES_AGGRESSIVE;
				CLANG_WARN_UNREACHABLE_CODE = YES;
				CLANG_WARN__DUPLICATE_METHOD_MATCH = YES;
				COPY_PHASE_STRIP = NO;
				DEBUG_INFORMATION_FORMAT = "dwarf-with-dsym";
				ENABLE_NS_ASSERTIONS = NO;
				ENABLE_STRICT_OBJC_MSGSEND = YES;
				GCC_C_LANGUAGE_STANDARD = gnu11;
				GCC_NO_COMMON_BLOCKS = YES;
				GCC_WARN_64_TO_32_BIT_CONVERSION = YES;
				GCC_WARN_ABOUT_RETURN_TYPE = YES_ERROR;
				GCC_WARN_UNDECLARED_SELECTOR = YES;
				GCC_WARN_UNINITIALIZED_AUTOS = YES_AGGRESSIVE;
				GCC_WARN_UNUSED_FUNCTION = YES;
				GCC_WARN_UNUSED_VARIABLE = YES;
				IPHONEOS_DEPLOYMENT_TARGET = 13.2;
				MTL_ENABLE_DEBUG_INFO = NO;
				MTL_FAST_MATH = YES;
				SDKROOT = iphoneos;
				SWIFT_COMPILATION_MODE = wholemodule;
				SWIFT_OPTIMIZATION_LEVEL = "-O";
				VALIDATE_PRODUCT = YES;
			};
			name = Release;
		};
		0542CB5D24BB0C04006A5139 /* Debug */ = {
			isa = XCBuildConfiguration;
			buildSettings = {
				ASSETCATALOG_COMPILER_APPICON_NAME = AppIcon;
				CODE_SIGN_STYLE = Automatic;
				DEVELOPMENT_ASSET_PATHS = "\"LeftRight/Preview Content\"";
				ENABLE_PREVIEWS = YES;
				INFOPLIST_FILE = LeftRight/Info.plist;
				LD_RUNPATH_SEARCH_PATHS = (
					"$(inherited)",
					"@executable_path/Frameworks",
				);
				PRODUCT_BUNDLE_IDENTIFIER = "-77.LeftRight";
				PRODUCT_NAME = "$(TARGET_NAME)";
				SWIFT_VERSION = 5.0;
				TARGETED_DEVICE_FAMILY = "1,2";
			};
			name = Debug;
		};
		0542CB5E24BB0C04006A5139 /* Release */ = {
			isa = XCBuildConfiguration;
			buildSettings = {
				ASSETCATALOG_COMPILER_APPICON_NAME = AppIcon;
				CODE_SIGN_STYLE = Automatic;
				DEVELOPMENT_ASSET_PATHS = "\"LeftRight/Preview Content\"";
				ENABLE_PREVIEWS = YES;
				INFOPLIST_FILE = LeftRight/Info.plist;
				LD_RUNPATH_SEARCH_PATHS = (
					"$(inherited)",
					"@executable_path/Frameworks",
				);
				PRODUCT_BUNDLE_IDENTIFIER = "-77.LeftRight";
				PRODUCT_NAME = "$(TARGET_NAME)";
				SWIFT_VERSION = 5.0;
				TARGETED_DEVICE_FAMILY = "1,2";
			};
			name = Release;
		};
		0542CB6024BB0C04006A5139 /* Debug */ = {
			isa = XCBuildConfiguration;
			buildSettings = {
				ALWAYS_EMBED_SWIFT_STANDARD_LIBRARIES = YES;
				BUNDLE_LOADER = "$(TEST_HOST)";
				CODE_SIGN_STYLE = Automatic;
				INFOPLIST_FILE = LeftRightTests/Info.plist;
				IPHONEOS_DEPLOYMENT_TARGET = 13.2;
				LD_RUNPATH_SEARCH_PATHS = (
					"$(inherited)",
					"@executable_path/Frameworks",
					"@loader_path/Frameworks",
				);
				PRODUCT_BUNDLE_IDENTIFIER = "-77.LeftRightTests";
				PRODUCT_NAME = "$(TARGET_NAME)";
				SWIFT_VERSION = 5.0;
				TARGETED_DEVICE_FAMILY = "1,2";
				TEST_HOST = "$(BUILT_PRODUCTS_DIR)/LeftRight.app/LeftRight";
			};
			name = Debug;
		};
		0542CB6124BB0C04006A5139 /* Release */ = {
			isa = XCBuildConfiguration;
			buildSettings = {
				ALWAYS_EMBED_SWIFT_STANDARD_LIBRARIES = YES;
				BUNDLE_LOADER = "$(TEST_HOST)";
				CODE_SIGN_STYLE = Automatic;
				INFOPLIST_FILE = LeftRightTests/Info.plist;
				IPHONEOS_DEPLOYMENT_TARGET = 13.2;
				LD_RUNPATH_SEARCH_PATHS = (
					"$(inherited)",
					"@executable_path/Frameworks",
					"@loader_path/Frameworks",
				);
				PRODUCT_BUNDLE_IDENTIFIER = "-77.LeftRightTests";
				PRODUCT_NAME = "$(TARGET_NAME)";
				SWIFT_VERSION = 5.0;
				TARGETED_DEVICE_FAMILY = "1,2";
				TEST_HOST = "$(BUILT_PRODUCTS_DIR)/LeftRight.app/LeftRight";
			};
			name = Release;
		};
		0542CB6324BB0C04006A5139 /* Debug */ = {
			isa = XCBuildConfiguration;
			buildSettings = {
				ALWAYS_EMBED_SWIFT_STANDARD_LIBRARIES = YES;
				CODE_SIGN_STYLE = Automatic;
				INFOPLIST_FILE = LeftRightUITests/Info.plist;
				LD_RUNPATH_SEARCH_PATHS = (
					"$(inherited)",
					"@executable_path/Frameworks",
					"@loader_path/Frameworks",
				);
				PRODUCT_BUNDLE_IDENTIFIER = "-77.LeftRightUITests";
				PRODUCT_NAME = "$(TARGET_NAME)";
				SWIFT_VERSION = 5.0;
				TARGETED_DEVICE_FAMILY = "1,2";
				TEST_TARGET_NAME = LeftRight;
			};
			name = Debug;
		};
		0542CB6424BB0C04006A5139 /* Release */ = {
			isa = XCBuildConfiguration;
			buildSettings = {
				ALWAYS_EMBED_SWIFT_STANDARD_LIBRARIES = YES;
				CODE_SIGN_STYLE = Automatic;
				INFOPLIST_FILE = LeftRightUITests/Info.plist;
				LD_RUNPATH_SEARCH_PATHS = (
					"$(inherited)",
					"@executable_path/Frameworks",
					"@loader_path/Frameworks",
				);
				PRODUCT_BUNDLE_IDENTIFIER = "-77.LeftRightUITests";
				PRODUCT_NAME = "$(TARGET_NAME)";
				SWIFT_VERSION = 5.0;
				TARGETED_DEVICE_FAMILY = "1,2";
				TEST_TARGET_NAME = LeftRight;
			};
			name = Release;
		};
/* End XCBuildConfiguration section */

/* Begin XCConfigurationList section */
		0542CB2D24BB0C02006A5139 /* Build configuration list for PBXProject "LeftRight" */ = {
			isa = XCConfigurationList;
			buildConfigurations = (
				0542CB5A24BB0C04006A5139 /* Debug */,
				0542CB5B24BB0C04006A5139 /* Release */,
			);
			defaultConfigurationIsVisible = 0;
			defaultConfigurationName = Release;
		};
		0542CB5C24BB0C04006A5139 /* Build configuration list for PBXNativeTarget "LeftRight" */ = {
			isa = XCConfigurationList;
			buildConfigurations = (
				0542CB5D24BB0C04006A5139 /* Debug */,
				0542CB5E24BB0C04006A5139 /* Release */,
			);
			defaultConfigurationIsVisible = 0;
			defaultConfigurationName = Release;
		};
		0542CB5F24BB0C04006A5139 /* Build configuration list for PBXNativeTarget "LeftRightTests" */ = {
			isa = XCConfigurationList;
			buildConfigurations = (
				0542CB6024BB0C04006A5139 /* Debug */,
				0542CB6124BB0C04006A5139 /* Release */,
			);
			defaultConfigurationIsVisible = 0;
			defaultConfigurationName = Release;
		};
		0542CB6224BB0C04006A5139 /* Build configuration list for PBXNativeTarget "LeftRightUITests" */ = {
			isa = XCConfigurationList;
			buildConfigurations = (
				0542CB6324BB0C04006A5139 /* Debug */,
				0542CB6424BB0C04006A5139 /* Release */,
			);
			defaultConfigurationIsVisible = 0;
			defaultConfigurationName = Release;
		};
/* End XCConfigurationList section */
	};
	rootObject = 0542CB2A24BB0C02006A5139 /* Project object */;
}
